
Microsoft Visual Studio Solution File, Format Version 12.00
# Visual Studio 15
Project("{FAE04EC0-301F-11D3-BF4B-00C04F79EFBC}") = "UnityEngine.UI", "UnityEngine.UI.csproj", "{02822CCE-2E8E-D996-4CEE-CCBF1A82D9B3}"
EndProject
Project("{FAE04EC0-301F-11D3-BF4B-00C04F79EFBC}") = "Assembly-CSharp", "Assembly-CSharp.csproj", "{553CE60A-BA64-A0AC-AC39-7D8525D129D8}"
EndProject
Project("{FAE04EC0-301F-11D3-BF4B-00C04F79EFBC}") = "UnityEditor.UI", "UnityEditor.UI.csproj", "{99EA04B4-33A7-D934-5179-031D9CAA99B7}"
EndProject
Global
	GlobalSection(SolutionConfigurationPlatforms) = preSolution
		Debug|Any CPU = Debug|Any CPU
		Release|Any CPU = Release|Any CPU
	EndGlobalSection
	GlobalSection(ProjectConfigurationPlatforms) = postSolution
		{02822CCE-2E8E-D996-4CEE-CCBF1A82D9B3}.Debug|Any CPU.ActiveCfg = Debug|Any CPU
		{02822CCE-2E8E-D996-4CEE-CCBF1A82D9B3}.Debug|Any CPU.Build.0 = Debug|Any CPU
		{02822CCE-2E8E-D996-4CEE-CCBF1A82D9B3}.Release|Any CPU.ActiveCfg = Release|Any CPU
		{02822CCE-2E8E-D996-4CEE-CCBF1A82D9B3}.Release|Any CPU.Build.0 = Release|Any CPU
		{553CE60A-BA64-A0AC-AC39-7D8525D129D8}.Debug|Any CPU.ActiveCfg = Debug|Any CPU
		{553CE60A-BA64-A0AC-AC39-7D8525D129D8}.Debug|Any CPU.Build.0 = Debug|Any CPU
		{553CE60A-BA64-A0AC-AC39-7D8525D129D8}.Release|Any CPU.ActiveCfg = Release|Any CPU
		{553CE60A-BA64-A0AC-AC39-7D8525D129D8}.Release|Any CPU.Build.0 = Release|Any CPU
		{99EA04B4-33A7-D934-5179-031D9CAA99B7}.Debug|Any CPU.ActiveCfg = Debug|Any CPU
		{99EA04B4-33A7-D934-5179-031D9CAA99B7}.Debug|Any CPU.Build.0 = Debug|Any CPU
		{99EA04B4-33A7-D934-5179-031D9CAA99B7}.Release|Any CPU.ActiveCfg = Release|Any CPU
		{99EA04B4-33A7-D934-5179-031D9CAA99B7}.Release|Any CPU.Build.0 = Release|Any CPU
	EndGlobalSection
	GlobalSection(SolutionProperties) = preSolution
		HideSolutionNode = FALSE
	EndGlobalSection
EndGlobal
